
Microsoft Visual Studio Solution File, Format Version 12.00
# Visual Studio Version 16
VisualStudioVersion = 16.0.32510.428
MinimumVisualStudioVersion = 10.0.40219.1
Project("{FAE04EC0-301F-11D3-BF4B-00C04F79EFBC}") = "DataAccess", "DataAccess\DataAccess.csproj", "{7311C705-C2ED-4DD1-BD74-B96B810762DF}"
EndProject
Project("{FAE04EC0-301F-11D3-BF4B-00C04F79EFBC}") = "Business", "Business\Business.csproj", "{99B9EF9F-EDE1-4984-BF3A-198C72596008}"
EndProject
Project("{FAE04EC0-301F-11D3-BF4B-00C04F79EFBC}") = "Core", "Core\Core.csproj", "{B7853583-A000-4485-B919-2746F5A7FBFC}"
EndProject
Project("{FAE04EC0-301F-11D3-BF4B-00C04F79EFBC}") = "Entities", "Entities\Entities.csproj", "{6128391F-9611-4FE1-B401-2F8EFDC6A6D4}"
EndProject
Project("{FAE04EC0-301F-11D3-BF4B-00C04F79EFBC}") = "WebApplication1", "WebApplication1\WebApplication1.csproj", "{39BE4BC5-CBB3-4C22-B09F-869F02C1BC31}"
EndProject
Global
	GlobalSection(SolutionConfigurationPlatforms) = preSolution
		Debug|Any CPU = Debug|Any CPU
		Release|Any CPU = Release|Any CPU
	EndGlobalSection
	GlobalSection(ProjectConfigurationPlatforms) = postSolution
		{7311C705-C2ED-4DD1-BD74-B96B810762DF}.Debug|Any CPU.ActiveCfg = Debug|Any CPU
		{7311C705-C2ED-4DD1-BD74-B96B810762DF}.Debug|Any CPU.Build.0 = Debug|Any CPU
		{7311C705-C2ED-4DD1-BD74-B96B810762DF}.Release|Any CPU.ActiveCfg = Release|Any CPU
		{7311C705-C2ED-4DD1-BD74-B96B810762DF}.Release|Any CPU.Build.0 = Release|Any CPU
		{99B9EF9F-EDE1-4984-BF3A-198C72596008}.Debug|Any CPU.ActiveCfg = Debug|Any CPU
		{99B9EF9F-EDE1-4984-BF3A-198C72596008}.Debug|Any CPU.Build.0 = Debug|Any CPU
		{99B9EF9F-EDE1-4984-BF3A-198C72596008}.Release|Any CPU.ActiveCfg = Release|Any CPU
		{99B9EF9F-EDE1-4984-BF3A-198C72596008}.Release|Any CPU.Build.0 = Release|Any CPU
		{B7853583-A000-4485-B919-2746F5A7FBFC}.Debug|Any CPU.ActiveCfg = Debug|Any CPU
		{B7853583-A000-4485-B919-2746F5A7FBFC}.Debug|Any CPU.Build.0 = Debug|Any CPU
		{B7853583-A000-4485-B919-2746F5A7FBFC}.Release|Any CPU.ActiveCfg = Release|Any CPU
		{B7853583-A000-4485-B919-2746F5A7FBFC}.Release|Any CPU.Build.0 = Release|Any CPU
		{6128391F-9611-4FE1-B401-2F8EFDC6A6D4}.Debug|Any CPU.ActiveCfg = Debug|Any CPU
		{6128391F-9611-4FE1-B401-2F8EFDC6A6D4}.Debug|Any CPU.Build.0 = Debug|Any CPU
		{6128391F-9611-4FE1-B401-2F8EFDC6A6D4}.Release|Any CPU.ActiveCfg = Release|Any CPU
		{6128391F-9611-4FE1-B401-2F8EFDC6A6D4}.Release|Any CPU.Build.0 = Release|Any CPU
		{39BE4BC5-CBB3-4C22-B09F-869F02C1BC31}.Debug|Any CPU.ActiveCfg = Debug|Any CPU
		{39BE4BC5-CBB3-4C22-B09F-869F02C1BC31}.Debug|Any CPU.Build.0 = Debug|Any CPU
		{39BE4BC5-CBB3-4C22-B09F-869F02C1BC31}.Release|Any CPU.ActiveCfg = Release|Any CPU
		{39BE4BC5-CBB3-4C22-B09F-869F02C1BC31}.Release|Any CPU.Build.0 = Release|Any CPU
	EndGlobalSection
	GlobalSection(SolutionProperties) = preSolution
		HideSolutionNode = FALSE
	EndGlobalSection
	GlobalSection(ExtensibilityGlobals) = postSolution
		SolutionGuid = {5B4CA1FF-40E1-4B5A-A227-5CCB7CAF7F04}
	EndGlobalSection
EndGlobal
